// !$*UTF8*$!
{
	archiveVersion = 1;
	classes = {
	};
	objectVersion = 50;
	objects = {

/* Begin PBXBuildFile section */
		30900DAD25F9A3F90042B68E /* AppDelegate.swift in Sources */ = {isa = PBXBuildFile; fileRef = 30900DAC25F9A3F90042B68E /* AppDelegate.swift */; };
		30900DAF25F9A3F90042B68E /* ContentView.swift in Sources */ = {isa = PBXBuildFile; fileRef = 30900DAE25F9A3F90042B68E /* ContentView.swift */; };
		30900DB125F9A3FB0042B68E /* Assets.xcassets in Resources */ = {isa = PBXBuildFile; fileRef = 30900DB025F9A3FB0042B68E /* Assets.xcassets */; };
		30900DB425F9A3FB0042B68E /* Preview Assets.xcassets in Resources */ = {isa = PBXBuildFile; fileRef = 30900DB325F9A3FB0042B68E /* Preview Assets.xcassets */; };
		30900DB725F9A3FB0042B68E /* Main.storyboard in Resources */ = {isa = PBXBuildFile; fileRef = 30900DB525F9A3FB0042B68E /* Main.storyboard */; };
		30900DC425FA70520042B68E /* app in Resources */ = {isa = PBXBuildFile; fileRef = 30900DC325FA70520042B68E /* app */; };
/* End PBXBuildFile section */

/* Begin PBXFileReference section */
		30900DA925F9A3F90042B68E /* bitwarden-menubar.app */ = {isa = PBXFileReference; explicitFileType = wrapper.application; includeInIndex = 0; path = "bitwarden-menubar.app"; sourceTree = BUILT_PRODUCTS_DIR; };
		30900DAC25F9A3F90042B68E /* AppDelegate.swift */ = {isa = PBXFileReference; lastKnownFileType = sourcecode.swift; path = AppDelegate.swift; sourceTree = "<group>"; };
		30900DAE25F9A3F90042B68E /* ContentView.swift */ = {isa = PBXFileReference; lastKnownFileType = sourcecode.swift; path = ContentView.swift; sourceTree = "<group>"; };
		30900DB025F9A3FB0042B68E /* Assets.xcassets */ = {isa = PBXFileReference; lastKnownFileType = folder.assetcatalog; path = Assets.xcassets; sourceTree = "<group>"; };
		30900DB325F9A3FB0042B68E /* Preview Assets.xcassets */ = {isa = PBXFileReference; lastKnownFileType = folder.assetcatalog; path = "Preview Assets.xcassets"; sourceTree = "<group>"; };
		30900DB625F9A3FB0042B68E /* Base */ = {isa = PBXFileReference; lastKnownFileType = file.storyboard; name = Base; path = Base.lproj/Main.storyboard; sourceTree = "<group>"; };
		30900DB825F9A3FB0042B68E /* Info.plist */ = {isa = PBXFileReference; lastKnownFileType = text.plist.xml; path = Info.plist; sourceTree = "<group>"; };
		30900DB925F9A3FB0042B68E /* bitwarden_menubar.entitlements */ = {isa = PBXFileReference; lastKnownFileType = text.plist.entitlements; path = bitwarden_menubar.entitlements; sourceTree = "<group>"; };
		30900DC325FA70520042B68E /* app */ = {isa = PBXFileReference; lastKnownFileType = folder; name = app; path = "bitwarden-menubar/app"; sourceTree = "<group>"; };
/* End PBXFileReference section */

/* Begin PBXFrameworksBuildPhase section */
		30900DA625F9A3F90042B68E /* Frameworks */ = {
			isa = PBXFrameworksBuildPhase;
			buildActionMask = 2147483647;
			files = (
			);
			runOnlyForDeploymentPostprocessing = 0;
		};
/* End PBXFrameworksBuildPhase section */

/* Begin PBXGroup section */
		30900DA025F9A3F90042B68E = {
			isa = PBXGroup;
			children = (
				30900DC325FA70520042B68E /* app */,
				30900DAB25F9A3F90042B68E /* bitwarden-menubar */,
				30900DAA25F9A3F90042B68E /* Products */,
			);
			sourceTree = "<group>";
		};
		30900DAA25F9A3F90042B68E /* Products */ = {
			isa = PBXGroup;
			children = (
				30900DA925F9A3F90042B68E /* bitwarden-menubar.app */,
			);
			name = Products;
			sourceTree = "<group>";
		};
		30900DAB25F9A3F90042B68E /* bitwarden-menubar */ = {
			isa = PBXGroup;
			children = (
				30900DAC25F9A3F90042B68E /* AppDelegate.swift */,
				30900DAE25F9A3F90042B68E /* ContentView.swift */,
				30900DB025F9A3FB0042B68E /* Assets.xcassets */,
				30900DB525F9A3FB0042B68E /* Main.storyboard */,
				30900DB825F9A3FB0042B68E /* Info.plist */,
				30900DB925F9A3FB0042B68E /* bitwarden_menubar.entitlements */,
				30900DB225F9A3FB0042B68E /* Preview Content */,
			);
			path = "bitwarden-menubar";
			sourceTree = "<group>";
		};
		30900DB225F9A3FB0042B68E /* Preview Content */ = {
			isa = PBXGroup;
			children = (
				30900DB325F9A3FB0042B68E /* Preview Assets.xcassets */,
			);
			path = "Preview Content";
			sourceTree = "<group>";
		};
/* End PBXGroup section */

/* Begin PBXNativeTarget section */
		30900DA825F9A3F90042B68E /* bitwarden-menubar */ = {
			isa = PBXNativeTarget;
			buildConfigurationList = 30900DBC25F9A3FB0042B68E /* Build configuration list for PBXNativeTarget "bitwarden-menubar" */;
			buildPhases = (
				30900DA525F9A3F90042B68E /* Sources */,
				30900DA625F9A3F90042B68E /* Frameworks */,
				30900DA725F9A3F90042B68E /* Resources */,
			);
			buildRules = (
			);
			dependencies = (
			);
			name = "bitwarden-menubar";
			productName = "bitwarden-menubar";
			productReference = 30900DA925F9A3F90042B68E /* bitwarden-menubar.app */;
			productType = "com.apple.product-type.application";
		};
/* End PBXNativeTarget section */

/* Begin PBXProject section */
		30900DA125F9A3F90042B68E /* Project object */ = {
			isa = PBXProject;
			attributes = {
				LastSwiftUpdateCheck = 1240;
				LastUpgradeCheck = 1240;
				TargetAttributes = {
					30900DA825F9A3F90042B68E = {
						CreatedOnToolsVersion = 12.4;
					};
				};
			};
			buildConfigurationList = 30900DA425F9A3F90042B68E /* Build configuration list for PBXProject "bitwarden-menubar" */;
			compatibilityVersion = "Xcode 9.3";
			developmentRegion = en;
			hasScannedForEncodings = 0;
			knownRegions = (
				en,
				Base,
			);
			mainGroup = 30900DA025F9A3F90042B68E;
			productRefGroup = 30900DAA25F9A3F90042B68E /* Products */;
			projectDirPath = "";
			projectRoot = "";
			targets = (
				30900DA825F9A3F90042B68E /* bitwarden-menubar */,
			);
		};
/* End PBXProject section */

/* Begin PBXResourcesBuildPhase section */
		30900DA725F9A3F90042B68E /* Resources */ = {
			isa = PBXResourcesBuildPhase;
			buildActionMask = 2147483647;
			files = (
				30900DC425FA70520042B68E /* app in Resources */,
				30900DB725F9A3FB0042B68E /* Main.storyboard in Resources */,
				30900DB425F9A3FB0042B68E /* Preview Assets.xcassets in Resources */,
				30900DB125F9A3FB0042B68E /* Assets.xcassets in Resources */,
			);
			runOnlyForDeploymentPostprocessing = 0;
		};
/* End PBXResourcesBuildPhase section */

/* Begin PBXSourcesBuildPhase section */
		30900DA525F9A3F90042B68E /* Sources */ = {
			isa = PBXSourcesBuildPhase;
			buildActionMask = 2147483647;
			files = (
				30900DAF25F9A3F90042B68E /* ContentView.swift in Sources */,
				30900DAD25F9A3F90042B68E /* AppDelegate.swift in Sources */,
			);
			runOnlyForDeploymentPostprocessing = 0;
		};
/* End PBXSourcesBuildPhase section */

/* Begin PBXVariantGroup section */
		30900DB525F9A3FB0042B68E /* Main.storyboard */ = {
			isa = PBXVariantGroup;
			children = (
				30900DB625F9A3FB0042B68E /* Base */,
			);
			name = Main.storyboard;
			sourceTree = "<group>";
		};
/* End PBXVariantGroup section */

/* Begin XCBuildConfiguration section */
		30900DBA25F9A3FB0042B68E /* Debug */ = {
			isa = XCBuildConfiguration;
			buildSettings = {
				ALWAYS_SEARCH_USER_PATHS = NO;
				CLANG_ANALYZER_NONNULL = YES;
				CLANG_ANALYZER_NUMBER_OBJECT_CONVERSION = YES_AGGRESSIVE;
				CLANG_CXX_LANGUAGE_STANDARD = "gnu++14";
				CLANG_CXX_LIBRARY = "libc++";
				CLANG_ENABLE_MODULES = YES;
				CLANG_ENABLE_OBJC_ARC = YES;
				CLANG_ENABLE_OBJC_WEAK = YES;
				CLANG_WARN_BLOCK_CAPTURE_AUTORELEASING = YES;
				CLANG_WARN_BOOL_CONVERSION = YES;
				CLANG_WARN_COMMA = YES;
				CLANG_WARN_CONSTANT_CONVERSION = YES;
				CLANG_WARN_DEPRECATED_OBJC_IMPLEMENTATIONS = YES;
				CLANG_WARN_DIRECT_OBJC_ISA_USAGE = YES_ERROR;
				CLANG_WARN_DOCUMENTATION_COMMENTS = YES;
				CLANG_WARN_EMPTY_BODY = YES;
				CLANG_WARN_ENUM_CONVERSION = YES;
				CLANG_WARN_INFINITE_RECURSION = YES;
				CLANG_WARN_INT_CONVERSION = YES;
				CLANG_WARN_NON_LITERAL_NULL_CONVERSION = YES;
				CLANG_WARN_OBJC_IMPLICIT_RETAIN_SELF = YES;
				CLANG_WARN_OBJC_LITERAL_CONVERSION = YES;
				CLANG_WARN_OBJC_ROOT_CLASS = YES_ERROR;
				CLANG_WARN_QUOTED_INCLUDE_IN_FRAMEWORK_HEADER = YES;
				CLANG_WARN_RANGE_LOOP_ANALYSIS = YES;
				CLANG_WARN_STRICT_PROTOTYPES = YES;
				CLANG_WARN_SUSPICIOUS_MOVE = YES;
				CLANG_WARN_UNGUARDED_AVAILABILITY = YES_AGGRESSIVE;
				CLANG_WARN_UNREACHABLE_CODE = YES;
				CLANG_WARN__DUPLICATE_METHOD_MATCH = YES;
				COPY_PHASE_STRIP = NO;
				DEBUG_INFORMATION_FORMAT = dwarf;
				ENABLE_STRICT_OBJC_MSGSEND = YES;
				ENABLE_TESTABILITY = YES;
				GCC_C_LANGUAGE_STANDARD = gnu11;
				GCC_DYNAMIC_NO_PIC = NO;
				GCC_NO_COMMON_BLOCKS = YES;
				GCC_OPTIMIZATION_LEVEL = 0;
				GCC_PREPROCESSOR_DEFINITIONS = (
					"DEBUG=1",
					"$(inherited)",
				);
				GCC_WARN_64_TO_32_BIT_CONVERSION = YES;
				GCC_WARN_ABOUT_RETURN_TYPE = YES_ERROR;
				GCC_WARN_UNDECLARED_SELECTOR = YES;
				GCC_WARN_UNINITIALIZED_AUTOS = YES_AGGRESSIVE;
				GCC_WARN_UNUSED_FUNCTION = YES;
				GCC_WARN_UNUSED_VARIABLE = YES;
				MACOSX_DEPLOYMENT_TARGET = 10.15;
				MTL_ENABLE_DEBUG_INFO = INCLUDE_SOURCE;
				MTL_FAST_MATH = YES;
				ONLY_ACTIVE_ARCH = YES;
				SDKROOT = macosx;
				SWIFT_ACTIVE_COMPILATION_CONDITIONS = DEBUG;
				SWIFT_OPTIMIZATION_LEVEL = "-Onone";
			};
			name = Debug;
		};
		30900DBB25F9A3FB0042B68E /* Release */ = {
			isa = XCBuildConfiguration;
			buildSettings = {
				ALWAYS_SEARCH_USER_PATHS = NO;
				CLANG_ANALYZER_NONNULL = YES;
				CLANG_ANALYZER_NUMBER_OBJECT_CONVERSION = YES_AGGRESSIVE;
				CLANG_CXX_LANGUAGE_STANDARD = "gnu++14";
				CLANG_CXX_LIBRARY = "libc++";
				CLANG_ENABLE_MODULES = YES;
				CLANG_ENABLE_OBJC_ARC = YES;
				CLANG_ENABLE_OBJC_WEAK = YES;
				CLANG_WARN_BLOCK_CAPTURE_AUTORELEASING = YES;
				CLANG_WARN_BOOL_CONVERSION = YES;
				CLANG_WARN_COMMA = YES;
				CLANG_WARN_CONSTANT_CONVERSION = YES;
				CLANG_WARN_DEPRECATED_OBJC_IMPLEMENTATIONS = YES;
				CLANG_WARN_DIRECT_OBJC_ISA_USAGE = YES_ERROR;
				CLANG_WARN_DOCUMENTATION_COMMENTS = YES;
				CLANG_WARN_EMPTY_BODY = YES;
				CLANG_WARN_ENUM_CONVERSION = YES;
				CLANG_WARN_INFINITE_RECURSION = YES;
				CLANG_WARN_INT_CONVERSION = YES;
				CLANG_WARN_NON_LITERAL_NULL_CONVERSION = YES;
				CLANG_WARN_OBJC_IMPLICIT_RETAIN_SELF = YES;
				CLANG_WARN_OBJC_LITERAL_CONVERSION = YES;
				CLANG_WARN_OBJC_ROOT_CLASS = YES_ERROR;
				CLANG_WARN_QUOTED_INCLUDE_IN_FRAMEWORK_HEADER = YES;
				CLANG_WARN_RANGE_LOOP_ANALYSIS = YES;
				CLANG_WARN_STRICT_PROTOTYPES = YES;
				CLANG_WARN_SUSPICIOUS_MOVE = YES;
				CLANG_WARN_UNGUARDED_AVAILABILITY = YES_AGGRESSIVE;
				CLANG_WARN_UNREACHABLE_CODE = YES;
				CLANG_WARN__DUPLICATE_METHOD_MATCH = YES;
				COPY_PHASE_STRIP = NO;
				DEBUG_INFORMATION_FORMAT = "dwarf-with-dsym";
				ENABLE_NS_ASSERTIONS = NO;
				ENABLE_STRICT_OBJC_MSGSEND = YES;
				GCC_C_LANGUAGE_STANDARD = gnu11;
				GCC_NO_COMMON_BLOCKS = YES;
				GCC_WARN_64_TO_32_BIT_CONVERSION = YES;
				GCC_WARN_ABOUT_RETURN_TYPE = YES_ERROR;
				GCC_WARN_UNDECLARED_SELECTOR = YES;
				GCC_WARN_UNINITIALIZED_AUTOS = YES_AGGRESSIVE;
				GCC_WARN_UNUSED_FUNCTION = YES;
				GCC_WARN_UNUSED_VARIABLE = YES;
				MACOSX_DEPLOYMENT_TARGET = 10.15;
				MTL_ENABLE_DEBUG_INFO = NO;
				MTL_FAST_MATH = YES;
				ONLY_ACTIVE_ARCH = YES;
				SDKROOT = macosx;
				SWIFT_COMPILATION_MODE = wholemodule;
				SWIFT_OPTIMIZATION_LEVEL = "-O";
			};
			name = Release;
		};
		30900DBD25F9A3FB0042B68E /* Debug */ = {
			isa = XCBuildConfiguration;
			buildSettings = {
				ASSETCATALOG_COMPILER_APPICON_NAME = AppIcon;
				ASSETCATALOG_COMPILER_GLOBAL_ACCENT_COLOR_NAME = AccentColor;
				CODE_SIGN_ENTITLEMENTS = "bitwarden-menubar/bitwarden_menubar.entitlements";
				CODE_SIGN_STYLE = Automatic;
				COMBINE_HIDPI_IMAGES = YES;
				DEVELOPMENT_ASSET_PATHS = "\"bitwarden-menubar/Preview Content\"";
				DEVELOPMENT_TEAM = 985M3X34N3;
				ENABLE_HARDENED_RUNTIME = YES;
				ENABLE_PREVIEWS = YES;
				INFOPLIST_FILE = "bitwarden-menubar/Info.plist";
				LD_RUNPATH_SEARCH_PATHS = (
					"$(inherited)",
					"@executable_path/../Frameworks",
				);
				MACOSX_DEPLOYMENT_TARGET = 10.15;
				MARKETING_VERSION = 0.0.1;
				PRODUCT_BUNDLE_IDENTIFIER = "dev.abewhite.bitwarden-menubar";
				PRODUCT_NAME = "$(TARGET_NAME)";
				SWIFT_VERSION = 5.0;
			};
			name = Debug;
		};
		30900DBE25F9A3FB0042B68E /* Release */ = {
			isa = XCBuildConfiguration;
			buildSettings = {
				ASSETCATALOG_COMPILER_APPICON_NAME = AppIcon;
				ASSETCATALOG_COMPILER_GLOBAL_ACCENT_COLOR_NAME = AccentColor;
				CODE_SIGN_ENTITLEMENTS = "bitwarden-menubar/bitwarden_menubar.entitlements";
				CODE_SIGN_IDENTITY = "-";
				CODE_SIGN_STYLE = Automatic;
				COMBINE_HIDPI_IMAGES = YES;
				DEVELOPMENT_ASSET_PATHS = "\"bitwarden-menubar/Preview Content\"";
				DEVELOPMENT_TEAM = 985M3X34N3;
				ENABLE_HARDENED_RUNTIME = YES;
				ENABLE_PREVIEWS = YES;
				INFOPLIST_FILE = "bitwarden-menubar/Info.plist";
				LD_RUNPATH_SEARCH_PATHS = (
					"$(inherited)",
					"@executable_path/../Frameworks",
				);
				MACOSX_DEPLOYMENT_TARGET = 10.15;
				MARKETING_VERSION = 0.0.1;
				PRODUCT_BUNDLE_IDENTIFIER = "dev.abewhite.bitwarden-menubar";
				PRODUCT_NAME = "$(TARGET_NAME)";
				SWIFT_VERSION = 5.0;
			};
			name = Release;
		};
/* End XCBuildConfiguration section */

/* Begin XCConfigurationList section */
		30900DA425F9A3F90042B68E /* Build configuration list for PBXProject "bitwarden-menubar" */ = {
			isa = XCConfigurationList;
			buildConfigurations = (
				30900DBA25F9A3FB0042B68E /* Debug */,
				30900DBB25F9A3FB0042B68E /* Release */,
			);
			defaultConfigurationIsVisible = 0;
			defaultConfigurationName = Release;
		};
		30900DBC25F9A3FB0042B68E /* Build configuration list for PBXNativeTarget "bitwarden-menubar" */ = {
			isa = XCConfigurationList;
			buildConfigurations = (
				30900DBD25F9A3FB0042B68E /* Debug */,
				30900DBE25F9A3FB0042B68E /* Release */,
			);
			defaultConfigurationIsVisible = 0;
			defaultConfigurationName = Release;
		};
/* End XCConfigurationList section */
	};
	rootObject = 30900DA125F9A3F90042B68E /* Project object */;
}
